
Microsoft Visual Studio Solution File, Format Version 12.00
# Visual Studio Version 17
VisualStudioVersion = 17.8.34322.80
MinimumVisualStudioVersion = 10.0.40219.1
Project("{FAE04EC0-301F-11D3-BF4B-00C04F79EFBC}") = "wprfAPI", "wprfAPI.csproj", "{BAA344E7-709C-4A1F-B30E-312C8A283487}"
EndProject
Project("{54A90642-561A-4BB1-A94E-469ADEE60C69}") = "wprfreact", "..\wprfReact\wprfreact.esproj", "{66353CC2-6872-4094-A75F-9566EE7A8461}"
EndProject
Global
	GlobalSection(SolutionConfigurationPlatforms) = preSolution
		Debug|Any CPU = Debug|Any CPU
		Release|Any CPU = Release|Any CPU
	EndGlobalSection
	GlobalSection(ProjectConfigurationPlatforms) = postSolution
		{BAA344E7-709C-4A1F-B30E-312C8A283487}.Debug|Any CPU.ActiveCfg = Debug|Any CPU
		{BAA344E7-709C-4A1F-B30E-312C8A283487}.Debug|Any CPU.Build.0 = Debug|Any CPU
		{BAA344E7-709C-4A1F-B30E-312C8A283487}.Release|Any CPU.ActiveCfg = Release|Any CPU
		{BAA344E7-709C-4A1F-B30E-312C8A283487}.Release|Any CPU.Build.0 = Release|Any CPU
		{66353CC2-6872-4094-A75F-9566EE7A8461}.Debug|Any CPU.ActiveCfg = Debug|Any CPU
		{66353CC2-6872-4094-A75F-9566EE7A8461}.Debug|Any CPU.Build.0 = Debug|Any CPU
		{66353CC2-6872-4094-A75F-9566EE7A8461}.Debug|Any CPU.Deploy.0 = Debug|Any CPU
		{66353CC2-6872-4094-A75F-9566EE7A8461}.Release|Any CPU.ActiveCfg = Release|Any CPU
		{66353CC2-6872-4094-A75F-9566EE7A8461}.Release|Any CPU.Build.0 = Release|Any CPU
		{66353CC2-6872-4094-A75F-9566EE7A8461}.Release|Any CPU.Deploy.0 = Release|Any CPU
	EndGlobalSection
	GlobalSection(SolutionProperties) = preSolution
		HideSolutionNode = FALSE
	EndGlobalSection
	GlobalSection(ExtensibilityGlobals) = postSolution
		SolutionGuid = {52341C3A-6232-4D81-A90F-1E4DD4972A3F}
	EndGlobalSection
EndGlobal
